
Microsoft Visual Studio Solution File, Format Version 12.00
# Visual Studio Version 16
VisualStudioVersion = 16.0.31613.86
MinimumVisualStudioVersion = 10.0.40219.1
Project("{FAE04EC0-301F-11D3-BF4B-00C04F79EFBC}") = "IkeaMind.WPF", "IkeaMind.WPF\IkeaMind.WPF.csproj", "{96B2BD26-29F7-4C3B-9F5F-4F453C728E11}"
EndProject
Project("{FAE04EC0-301F-11D3-BF4B-00C04F79EFBC}") = "IkeaMind.Core", "IkeaMind.Core\IkeaMind.Core.csproj", "{78492A7B-9DC5-4B25-9874-82552A3F01E7}"
EndProject
Project("{FAE04EC0-301F-11D3-BF4B-00C04F79EFBC}") = "IkeaMind.Infrastructure", "IkeaMind.Infrastructure\IkeaMind.Infrastructure.csproj", "{F841C704-A13C-409C-8524-507262C98B6B}"
EndProject
Global
	GlobalSection(SolutionConfigurationPlatforms) = preSolution
		Debug|Any CPU = Debug|Any CPU
		Release|Any CPU = Release|Any CPU
	EndGlobalSection
	GlobalSection(ProjectConfigurationPlatforms) = postSolution
		{96B2BD26-29F7-4C3B-9F5F-4F453C728E11}.Debug|Any CPU.ActiveCfg = Debug|Any CPU
		{96B2BD26-29F7-4C3B-9F5F-4F453C728E11}.Debug|Any CPU.Build.0 = Debug|Any CPU
		{96B2BD26-29F7-4C3B-9F5F-4F453C728E11}.Release|Any CPU.ActiveCfg = Release|Any CPU
		{96B2BD26-29F7-4C3B-9F5F-4F453C728E11}.Release|Any CPU.Build.0 = Release|Any CPU
		{78492A7B-9DC5-4B25-9874-82552A3F01E7}.Debug|Any CPU.ActiveCfg = Debug|Any CPU
		{78492A7B-9DC5-4B25-9874-82552A3F01E7}.Debug|Any CPU.Build.0 = Debug|Any CPU
		{78492A7B-9DC5-4B25-9874-82552A3F01E7}.Release|Any CPU.ActiveCfg = Release|Any CPU
		{78492A7B-9DC5-4B25-9874-82552A3F01E7}.Release|Any CPU.Build.0 = Release|Any CPU
		{F841C704-A13C-409C-8524-507262C98B6B}.Debug|Any CPU.ActiveCfg = Debug|Any CPU
		{F841C704-A13C-409C-8524-507262C98B6B}.Debug|Any CPU.Build.0 = Debug|Any CPU
		{F841C704-A13C-409C-8524-507262C98B6B}.Release|Any CPU.ActiveCfg = Release|Any CPU
		{F841C704-A13C-409C-8524-507262C98B6B}.Release|Any CPU.Build.0 = Release|Any CPU
	EndGlobalSection
	GlobalSection(SolutionProperties) = preSolution
		HideSolutionNode = FALSE
	EndGlobalSection
	GlobalSection(ExtensibilityGlobals) = postSolution
		SolutionGuid = {F4ABCC14-6C8F-4468-AFFB-D9C576397EEC}
	EndGlobalSection
EndGlobal
